{
  "name": "@emoore/testlib1",
  "version": "1.3.0-SNAPSHOT.1563895135983",
  "lockfileVersion": 1,
  "requires": true,
  "dependencies": {
    "feature-toggles": {
      "version": "1.4.0",
      "resolved": "https://registry.npmjs.org/feature-toggles/-/feature-toggles-1.4.0.tgz",
      "integrity": "sha1-gTTnbqw0g/GgNLhXwVyFB2K+rGM="
    }
  }
}
